Microsoft Visual Studio Solution File, Format Version 12.00
# Visual Studio Version 17
VisualStudioVersion = 17.5.2.0
MinimumVisualStudioVersion = 10.0.40219.1
Project("{2150E333-8FDC-42A3-9474-1A3956D46DE8}") = "tests", "tests", "{0AB3BF05-4346-4AA6-1389-037BE0695223}"
EndProject
Project("{FAE04EC0-301F-11D3-BF4B-00C04F79EFBC}") = "CopilotResponse", "tests\CopilotResponse\CopilotResponse.csproj", "{D99BD4D5-A195-CD03-98AC-BFC01C672EC2}"
EndProject
Global
	GlobalSection(SolutionConfigurationPlatforms) = preSolution
		Debug|Any CPU = Debug|Any CPU
		Release|Any CPU = Release|Any CPU
	EndGlobalSection
	GlobalSection(ProjectConfigurationPlatforms) = postSolution
		{D99BD4D5-A195-CD03-98AC-BFC01C672EC2}.Debug|Any CPU.ActiveCfg = Debug|Any CPU
		{D99BD4D5-A195-CD03-98AC-BFC01C672EC2}.Debug|Any CPU.Build.0 = Debug|Any CPU
		{D99BD4D5-A195-CD03-98AC-BFC01C672EC2}.Release|Any CPU.ActiveCfg = Release|Any CPU
		{D99BD4D5-A195-CD03-98AC-BFC01C672EC2}.Release|Any CPU.Build.0 = Release|Any CPU
	EndGlobalSection
	GlobalSection(SolutionProperties) = preSolution
		HideSolutionNode = FALSE
	EndGlobalSection
	GlobalSection(NestedProjects) = preSolution
		{D99BD4D5-A195-CD03-98AC-BFC01C672EC2} = {0AB3BF05-4346-4AA6-1389-037BE0695223}
	EndGlobalSection
	GlobalSection(ExtensibilityGlobals) = postSolution
		SolutionGuid = {FC579DA0-5416-455A-AE39-446F8D9A9002}
	EndGlobalSection
EndGlobal
